// !$*UTF8*$!
{
	archiveVersion = 1;
	classes = {
	};
	objectVersion = 46;
	objects = {

/* Begin PBXBuildFile section */
		121D23A91E7542D700319519 /* AxesDrawer.swift in Sources */ = {isa = PBXBuildFile; fileRef = 121D23A81E7542D700319519 /* AxesDrawer.swift */; };
		121D23AB1E75444600319519 /* GraphViewController.swift in Sources */ = {isa = PBXBuildFile; fileRef = 121D23AA1E75444600319519 /* GraphViewController.swift */; };
		12BC5B381E7553750066A8D3 /* GraphView.swift in Sources */ = {isa = PBXBuildFile; fileRef = 12BC5B371E7553750066A8D3 /* GraphView.swift */; };
		12E39D9A1E65AA7C00A95AF0 /* AppDelegate.swift in Sources */ = {isa = PBXBuildFile; fileRef = 12E39D991E65AA7C00A95AF0 /* AppDelegate.swift */; };
		12E39D9C1E65AA7C00A95AF0 /* CalculatorViewController.swift in Sources */ = {isa = PBXBuildFile; fileRef = 12E39D9B1E65AA7C00A95AF0 /* CalculatorViewController.swift */; };
		12E39D9F1E65AA7C00A95AF0 /* Main.storyboard in Resources */ = {isa = PBXBuildFile; fileRef = 12E39D9D1E65AA7C00A95AF0 /* Main.storyboard */; };
		12E39DA11E65AA7C00A95AF0 /* Assets.xcassets in Resources */ = {isa = PBXBuildFile; fileRef = 12E39DA01E65AA7C00A95AF0 /* Assets.xcassets */; };
		12E39DA41E65AA7C00A95AF0 /* LaunchScreen.storyboard in Resources */ = {isa = PBXBuildFile; fileRef = 12E39DA21E65AA7C00A95AF0 /* LaunchScreen.storyboard */; };
		12E39DAC1E65AA9800A95AF0 /* CalculatorBrain.swift in Sources */ = {isa = PBXBuildFile; fileRef = 12E39DAB1E65AA9800A95AF0 /* CalculatorBrain.swift */; };
/* End PBXBuildFile section */

/* Begin PBXFileReference section */
		121D23A81E7542D700319519 /* AxesDrawer.swift */ = {isa = PBXFileReference; fileEncoding = 4; lastKnownFileType = sourcecode.swift; path = AxesDrawer.swift; sourceTree = "<group>"; };
		121D23AA1E75444600319519 /* GraphViewController.swift */ = {isa = PBXFileReference; fileEncoding = 4; lastKnownFileType = sourcecode.swift; path = GraphViewController.swift; sourceTree = "<group>"; };
		12BC5B371E7553750066A8D3 /* GraphView.swift */ = {isa = PBXFileReference; fileEncoding = 4; lastKnownFileType = sourcecode.swift; path = GraphView.swift; sourceTree = "<group>"; };
		12E39D961E65AA7C00A95AF0 /* CS193pCalculator.app */ = {isa = PBXFileReference; explicitFileType = wrapper.application; includeInIndex = 0; path = CS193pCalculator.app; sourceTree = BUILT_PRODUCTS_DIR; };
		12E39D991E65AA7C00A95AF0 /* AppDelegate.swift */ = {isa = PBXFileReference; lastKnownFileType = sourcecode.swift; path = AppDelegate.swift; sourceTree = "<group>"; };
		12E39D9B1E65AA7C00A95AF0 /* CalculatorViewController.swift */ = {isa = PBXFileReference; lastKnownFileType = sourcecode.swift; path = CalculatorViewController.swift; sourceTree = "<group>"; };
		12E39D9E1E65AA7C00A95AF0 /* Base */ = {isa = PBXFileReference; lastKnownFileType = file.storyboard; name = Base; path = Base.lproj/Main.storyboard; sourceTree = "<group>"; };
		12E39DA01E65AA7C00A95AF0 /* Assets.xcassets */ = {isa = PBXFileReference; lastKnownFileType = folder.assetcatalog; path = Assets.xcassets; sourceTree = "<group>"; };
		12E39DA31E65AA7C00A95AF0 /* Base */ = {isa = PBXFileReference; lastKnownFileType = file.storyboard; name = Base; path = Base.lproj/LaunchScreen.storyboard; sourceTree = "<group>"; };
		12E39DA51E65AA7C00A95AF0 /* Info.plist */ = {isa = PBXFileReference; lastKnownFileType = text.plist.xml; path = Info.plist; sourceTree = "<group>"; };
		12E39DAB1E65AA9800A95AF0 /* CalculatorBrain.swift */ = {isa = PBXFileReference; fileEncoding = 4; lastKnownFileType = sourcecode.swift; path = CalculatorBrain.swift; sourceTree = "<group>"; };
/* End PBXFileReference section */

/* Begin PBXFrameworksBuildPhase section */
		12E39D931E65AA7C00A95AF0 /* Frameworks */ = {
			isa = PBXFrameworksBuildPhase;
			buildActionMask = 2147483647;
			files = (
			);
			runOnlyForDeploymentPostprocessing = 0;
		};
/* End PBXFrameworksBuildPhase section */

/* Begin PBXGroup section */
		12E39D8D1E65AA7C00A95AF0 = {
			isa = PBXGroup;
			children = (
				12E39D981E65AA7C00A95AF0 /* CS193pCalculator */,
				12E39D971E65AA7C00A95AF0 /* Products */,
			);
			sourceTree = "<group>";
		};
		12E39D971E65AA7C00A95AF0 /* Products */ = {
			isa = PBXGroup;
			children = (
				12E39D961E65AA7C00A95AF0 /* CS193pCalculator.app */,
			);
			name = Products;
			sourceTree = "<group>";
		};
		12E39D981E65AA7C00A95AF0 /* CS193pCalculator */ = {
			isa = PBXGroup;
			children = (
				12E39D991E65AA7C00A95AF0 /* AppDelegate.swift */,
				12E39D9B1E65AA7C00A95AF0 /* CalculatorViewController.swift */,
				12E39DAB1E65AA9800A95AF0 /* CalculatorBrain.swift */,
				121D23A81E7542D700319519 /* AxesDrawer.swift */,
				121D23AA1E75444600319519 /* GraphViewController.swift */,
				12BC5B371E7553750066A8D3 /* GraphView.swift */,
				12E39D9D1E65AA7C00A95AF0 /* Main.storyboard */,
				12E39DA01E65AA7C00A95AF0 /* Assets.xcassets */,
				12E39DA21E65AA7C00A95AF0 /* LaunchScreen.storyboard */,
				12E39DA51E65AA7C00A95AF0 /* Info.plist */,
			);
			path = CS193pCalculator;
			sourceTree = "<group>";
		};
/* End PBXGroup section */

/* Begin PBXNativeTarget section */
		12E39D951E65AA7C00A95AF0 /* CS193pCalculator */ = {
			isa = PBXNativeTarget;
			buildConfigurationList = 12E39DA81E65AA7C00A95AF0 /* Build configuration list for PBXNativeTarget "CS193pCalculator" */;
			buildPhases = (
				12E39D921E65AA7C00A95AF0 /* Sources */,
				12E39D931E65AA7C00A95AF0 /* Frameworks */,
				12E39D941E65AA7C00A95AF0 /* Resources */,
			);
			buildRules = (
			);
			dependencies = (
			);
			name = CS193pCalculator;
			productName = CS193pCalculator;
			productReference = 12E39D961E65AA7C00A95AF0 /* CS193pCalculator.app */;
			productType = "com.apple.product-type.application";
		};
/* End PBXNativeTarget section */

/* Begin PBXProject section */
		12E39D8E1E65AA7C00A95AF0 /* Project object */ = {
			isa = PBXProject;
			attributes = {
				LastSwiftUpdateCheck = 0820;
				LastUpgradeCheck = 0820;
				ORGANIZATIONNAME = zzk;
				TargetAttributes = {
					12E39D951E65AA7C00A95AF0 = {
						CreatedOnToolsVersion = 8.2;
						DevelopmentTeam = MXJJEEMF3U;
						ProvisioningStyle = Automatic;
					};
				};
			};
			buildConfigurationList = 12E39D911E65AA7C00A95AF0 /* Build configuration list for PBXProject "CS193pCalculator" */;
			compatibilityVersion = "Xcode 3.2";
			developmentRegion = English;
			hasScannedForEncodings = 0;
			knownRegions = (
				en,
				Base,
			);
			mainGroup = 12E39D8D1E65AA7C00A95AF0;
			productRefGroup = 12E39D971E65AA7C00A95AF0 /* Products */;
			projectDirPath = "";
			projectRoot = "";
			targets = (
				12E39D951E65AA7C00A95AF0 /* CS193pCalculator */,
			);
		};
/* End PBXProject section */

/* Begin PBXResourcesBuildPhase section */
		12E39D941E65AA7C00A95AF0 /* Resources */ = {
			isa = PBXResourcesBuildPhase;
			buildActionMask = 2147483647;
			files = (
				12E39DA41E65AA7C00A95AF0 /* LaunchScreen.storyboard in Resources */,
				12E39DA11E65AA7C00A95AF0 /* Assets.xcassets in Resources */,
				12E39D9F1E65AA7C00A95AF0 /* Main.storyboard in Resources */,
			);
			runOnlyForDeploymentPostprocessing = 0;
		};
/* End PBXResourcesBuildPhase section */

/* Begin PBXSourcesBuildPhase section */
		12E39D921E65AA7C00A95AF0 /* Sources */ = {
			isa = PBXSourcesBuildPhase;
			buildActionMask = 2147483647;
			files = (
				12E39DAC1E65AA9800A95AF0 /* CalculatorBrain.swift in Sources */,
				121D23AB1E75444600319519 /* GraphViewController.swift in Sources */,
				121D23A91E7542D700319519 /* AxesDrawer.swift in Sources */,
				12E39D9C1E65AA7C00A95AF0 /* CalculatorViewController.swift in Sources */,
				12E39D9A1E65AA7C00A95AF0 /* AppDelegate.swift in Sources */,
				12BC5B381E7553750066A8D3 /* GraphView.swift in Sources */,
			);
			runOnlyForDeploymentPostprocessing = 0;
		};
/* End PBXSourcesBuildPhase section */

/* Begin PBXVariantGroup section */
		12E39D9D1E65AA7C00A95AF0 /* Main.storyboard */ = {
			isa = PBXVariantGroup;
			children = (
				12E39D9E1E65AA7C00A95AF0 /* Base */,
			);
			name = Main.storyboard;
			sourceTree = "<group>";
		};
		12E39DA21E65AA7C00A95AF0 /* LaunchScreen.storyboard */ = {
			isa = PBXVariantGroup;
			children = (
				12E39DA31E65AA7C00A95AF0 /* Base */,
			);
			name = LaunchScreen.storyboard;
			sourceTree = "<group>";
		};
/* End PBXVariantGroup section */

/* Begin XCBuildConfiguration section */
		12E39DA61E65AA7C00A95AF0 /* Debug */ = {
			isa = XCBuildConfiguration;
			buildSettings = {
				ALWAYS_SEARCH_USER_PATHS = NO;
				CLANG_ANALYZER_NONNULL = YES;
				CLANG_CXX_LANGUAGE_STANDARD = "gnu++0x";
				CLANG_CXX_LIBRARY = "libc++";
				CLANG_ENABLE_MODULES = YES;
				CLANG_ENABLE_OBJC_ARC = YES;
				CLANG_WARN_BOOL_CONVERSION = YES;
				CLANG_WARN_CONSTANT_CONVERSION = YES;
				CLANG_WARN_DIRECT_OBJC_ISA_USAGE = YES_ERROR;
				CLANG_WARN_DOCUMENTATION_COMMENTS = YES;
				CLANG_WARN_EMPTY_BODY = YES;
				CLANG_WARN_ENUM_CONVERSION = YES;
				CLANG_WARN_INFINITE_RECURSION = YES;
				CLANG_WARN_INT_CONVERSION = YES;
				CLANG_WARN_OBJC_ROOT_CLASS = YES_ERROR;
				CLANG_WARN_SUSPICIOUS_MOVE = YES;
				CLANG_WARN_UNREACHABLE_CODE = YES;
				CLANG_WARN__DUPLICATE_METHOD_MATCH = YES;
				"CODE_SIGN_IDENTITY[sdk=iphoneos*]" = "iPhone Developer";
				COPY_PHASE_STRIP = NO;
				DEBUG_INFORMATION_FORMAT = dwarf;
				ENABLE_STRICT_OBJC_MSGSEND = YES;
				ENABLE_TESTABILITY = YES;
				GCC_C_LANGUAGE_STANDARD = gnu99;
				GCC_DYNAMIC_NO_PIC = NO;
				GCC_NO_COMMON_BLOCKS = YES;
				GCC_OPTIMIZATION_LEVEL = 0;
				GCC_PREPROCESSOR_DEFINITIONS = (
					"DEBUG=1",
					"$(inherited)",
				);
				GCC_WARN_64_TO_32_BIT_CONVERSION = YES;
				GCC_WARN_ABOUT_RETURN_TYPE = YES_ERROR;
				GCC_WARN_UNDECLARED_SELECTOR = YES;
				GCC_WARN_UNINITIALIZED_AUTOS = YES_AGGRESSIVE;
				GCC_WARN_UNUSED_FUNCTION = YES;
				GCC_WARN_UNUSED_VARIABLE = YES;
				IPHONEOS_DEPLOYMENT_TARGET = 10.2;
				MTL_ENABLE_DEBUG_INFO = YES;
				ONLY_ACTIVE_ARCH = YES;
				SDKROOT = iphoneos;
				SWIFT_ACTIVE_COMPILATION_CONDITIONS = DEBUG;
				SWIFT_OPTIMIZATION_LEVEL = "-Onone";
				TARGETED_DEVICE_FAMILY = "1,2";
			};
			name = Debug;
		};
		12E39DA71E65AA7C00A95AF0 /* Release */ = {
			isa = XCBuildConfiguration;
			buildSettings = {
				ALWAYS_SEARCH_USER_PATHS = NO;
				CLANG_ANALYZER_NONNULL = YES;
				CLANG_CXX_LANGUAGE_STANDARD = "gnu++0x";
				CLANG_CXX_LIBRARY = "libc++";
				CLANG_ENABLE_MODULES = YES;
				CLANG_ENABLE_OBJC_ARC = YES;
				CLANG_WARN_BOOL_CONVERSION = YES;
				CLANG_WARN_CONSTANT_CONVERSION = YES;
				CLANG_WARN_DIRECT_OBJC_ISA_USAGE = YES_ERROR;
				CLANG_WARN_DOCUMENTATION_COMMENTS = YES;
				CLANG_WARN_EMPTY_BODY = YES;
				CLANG_WARN_ENUM_CONVERSION = YES;
				CLANG_WARN_INFINITE_RECURSION = YES;
				CLANG_WARN_INT_CONVERSION = YES;
				CLANG_WARN_OBJC_ROOT_CLASS = YES_ERROR;
				CLANG_WARN_SUSPICIOUS_MOVE = YES;
				CLANG_WARN_UNREACHABLE_CODE = YES;
				CLANG_WARN__DUPLICATE_METHOD_MATCH = YES;
				"CODE_SIGN_IDENTITY[sdk=iphoneos*]" = "iPhone Developer";
				COPY_PHASE_STRIP = NO;
				DEBUG_INFORMATION_FORMAT = "dwarf-with-dsym";
				ENABLE_NS_ASSERTIONS = NO;
				ENABLE_STRICT_OBJC_MSGSEND = YES;
				GCC_C_LANGUAGE_STANDARD = gnu99;
				GCC_NO_COMMON_BLOCKS = YES;
				GCC_WARN_64_TO_32_BIT_CONVERSION = YES;
				GCC_WARN_ABOUT_RETURN_TYPE = YES_ERROR;
				GCC_WARN_UNDECLARED_SELECTOR = YES;
				GCC_WARN_UNINITIALIZED_AUTOS = YES_AGGRESSIVE;
				GCC_WARN_UNUSED_FUNCTION = YES;
				GCC_WARN_UNUSED_VARIABLE = YES;
				IPHONEOS_DEPLOYMENT_TARGET = 10.2;
				MTL_ENABLE_DEBUG_INFO = NO;
				SDKROOT = iphoneos;
				SWIFT_OPTIMIZATION_LEVEL = "-Owholemodule";
				TARGETED_DEVICE_FAMILY = "1,2";
				VALIDATE_PRODUCT = YES;
			};
			name = Release;
		};
		12E39DA91E65AA7C00A95AF0 /* Debug */ = {
			isa = XCBuildConfiguration;
			buildSettings = {
				ASSETCATALOG_COMPILER_APPICON_NAME = AppIcon;
				DEVELOPMENT_TEAM = MXJJEEMF3U;
				INFOPLIST_FILE = CS193pCalculator/Info.plist;
				LD_RUNPATH_SEARCH_PATHS = "$(inherited) @executable_path/Frameworks";
				PRODUCT_BUNDLE_IDENTIFIER = com.zzk.CS193pCalculator;
				PRODUCT_NAME = "$(TARGET_NAME)";
				SWIFT_VERSION = 3.0;
			};
			name = Debug;
		};
		12E39DAA1E65AA7C00A95AF0 /* Release */ = {
			isa = XCBuildConfiguration;
			buildSettings = {
				ASSETCATALOG_COMPILER_APPICON_NAME = AppIcon;
				DEVELOPMENT_TEAM = MXJJEEMF3U;
				INFOPLIST_FILE = CS193pCalculator/Info.plist;
				LD_RUNPATH_SEARCH_PATHS = "$(inherited) @executable_path/Frameworks";
				PRODUCT_BUNDLE_IDENTIFIER = com.zzk.CS193pCalculator;
				PRODUCT_NAME = "$(TARGET_NAME)";
				SWIFT_VERSION = 3.0;
			};
			name = Release;
		};
/* End XCBuildConfiguration section */

/* Begin XCConfigurationList section */
		12E39D911E65AA7C00A95AF0 /* Build configuration list for PBXProject "CS193pCalculator" */ = {
			isa = XCConfigurationList;
			buildConfigurations = (
				12E39DA61E65AA7C00A95AF0 /* Debug */,
				12E39DA71E65AA7C00A95AF0 /* Release */,
			);
			defaultConfigurationIsVisible = 0;
			defaultConfigurationName = Release;
		};
		12E39DA81E65AA7C00A95AF0 /* Build configuration list for PBXNativeTarget "CS193pCalculator" */ = {
			isa = XCConfigurationList;
			buildConfigurations = (
				12E39DA91E65AA7C00A95AF0 /* Debug */,
				12E39DAA1E65AA7C00A95AF0 /* Release */,
			);
			defaultConfigurationIsVisible = 0;
			defaultConfigurationName = Release;
		};
/* End XCConfigurationList section */
	};
	rootObject = 12E39D8E1E65AA7C00A95AF0 /* Project object */;
}
